{
  "name": "custom-cover-letter",
  "lockfileVersion": 3,
  "requires": true,
  "packages": {
    "": {
      "dependencies": {
        "chrome-types": "^0.1.276"
      }
    },
    "node_modules/chrome-types": {
      "version": "0.1.276",
      "resolved": "https://registry.npmjs.org/chrome-types/-/chrome-types-0.1.276.tgz",
      "integrity": "sha512-Mp2PzMRlUB6WmrXViAfVGjnvguwFDmRkTOT5dUsuoMRAaOT7duxV7XZnVDpCIISiTkU9jMn9jx7YvIDX2XuKbA=="
    }
  }
}
